
Microsoft Visual Studio Solution File, Format Version 12.00
# Visual Studio 14
VisualStudioVersion = 14.0.25420.1
MinimumVisualStudioVersion = 10.0.40219.1
Project("{6989167D-11E4-40FE-8C1A-2192A86A7E90}") = "omp2", "omp2\omp2.vfproj", "{DC71E1E1-56B7-4F8C-9864-9169F458E93A}"
EndProject
Global
	GlobalSection(SolutionConfigurationPlatforms) = preSolution
		Debug|x86 = Debug|x86
		debugserial|x86 = debugserial|x86
		Release|x86 = Release|x86
	EndGlobalSection
	GlobalSection(ProjectConfigurationPlatforms) = postSolution
		{DC71E1E1-56B7-4F8C-9864-9169F458E93A}.Debug|x86.ActiveCfg = Debug|Win32
		{DC71E1E1-56B7-4F8C-9864-9169F458E93A}.Debug|x86.Build.0 = Debug|Win32
		{DC71E1E1-56B7-4F8C-9864-9169F458E93A}.debugserial|x86.ActiveCfg = debugserial|Win32
		{DC71E1E1-56B7-4F8C-9864-9169F458E93A}.debugserial|x86.Build.0 = debugserial|Win32
		{DC71E1E1-56B7-4F8C-9864-9169F458E93A}.Release|x86.ActiveCfg = Release|Win32
		{DC71E1E1-56B7-4F8C-9864-9169F458E93A}.Release|x86.Build.0 = Release|Win32
	EndGlobalSection
	GlobalSection(SolutionProperties) = preSolution
		HideSolutionNode = FALSE
	EndGlobalSection
EndGlobal
